
Microsoft Visual Studio Solution File, Format Version 12.00
# Visual Studio Version 17
VisualStudioVersion = 17.0.32126.317
MinimumVisualStudioVersion = 10.0.40219.1
Project("{9A19103F-16F7-4668-BE54-9A1E7A4F7556}") = "SkillSlots.Tests", "SampleSkill.Tests\SkillSlots.Tests.csproj", "{DD3FC93E-206B-4613-B422-D2D9F447E8F7}"
EndProject
Project("{9A19103F-16F7-4668-BE54-9A1E7A4F7556}") = "SlotChecker", "SkillSlots\SlotChecker.csproj", "{B1FE8729-4C1A-4D43-9AB7-24902F4AF069}"
EndProject
Global
	GlobalSection(SolutionConfigurationPlatforms) = preSolution
		Debug|Any CPU = Debug|Any CPU
		Release|Any CPU = Release|Any CPU
	EndGlobalSection
	GlobalSection(ProjectConfigurationPlatforms) = postSolution
		{DD3FC93E-206B-4613-B422-D2D9F447E8F7}.Debug|Any CPU.ActiveCfg = Debug|Any CPU
		{DD3FC93E-206B-4613-B422-D2D9F447E8F7}.Debug|Any CPU.Build.0 = Debug|Any CPU
		{DD3FC93E-206B-4613-B422-D2D9F447E8F7}.Release|Any CPU.ActiveCfg = Release|Any CPU
		{DD3FC93E-206B-4613-B422-D2D9F447E8F7}.Release|Any CPU.Build.0 = Release|Any CPU
		{B1FE8729-4C1A-4D43-9AB7-24902F4AF069}.Debug|Any CPU.ActiveCfg = Debug|Any CPU
		{B1FE8729-4C1A-4D43-9AB7-24902F4AF069}.Debug|Any CPU.Build.0 = Debug|Any CPU
		{B1FE8729-4C1A-4D43-9AB7-24902F4AF069}.Release|Any CPU.ActiveCfg = Release|Any CPU
		{B1FE8729-4C1A-4D43-9AB7-24902F4AF069}.Release|Any CPU.Build.0 = Release|Any CPU
	EndGlobalSection
	GlobalSection(SolutionProperties) = preSolution
		HideSolutionNode = FALSE
	EndGlobalSection
	GlobalSection(ExtensibilityGlobals) = postSolution
		SolutionGuid = {70D572AD-981E-4FE1-A04E-C2BCDA319AFA}
	EndGlobalSection
EndGlobal
